
Microsoft Visual Studio Solution File, Format Version 12.00
# Visual Studio 15
VisualStudioVersion = 15.0.27703.2026
MinimumVisualStudioVersion = 10.0.40219.1
Project("{9A19103F-16F7-4668-BE54-9A1E7A4F7556}") = "Hubtel.PaymentProxy", "Hubtel.PaymentProxy\Hubtel.PaymentProxy.csproj", "{317561DB-150A-4A83-82E4-8289123DD1C4}"
EndProject
Project("{9A19103F-16F7-4668-BE54-9A1E7A4F7556}") = "Hubtel.PaymentProxyData", "Hubtel.PaymentProxyData\Hubtel.PaymentProxyData.csproj", "{B2206080-ECDE-43A4-A7E9-C3FB51DC944D}"
EndProject
Project("{FAE04EC0-301F-11D3-BF4B-00C04F79EFBC}") = "Hubtel.PaymentProxy.IntegrationTest", "Hubtel.PaymentProxy.IntegrationTest\Hubtel.PaymentProxy.IntegrationTest.csproj", "{ABE71898-AD62-4347-933D-9E59AAF1CAC6}"
EndProject
Global
	GlobalSection(SolutionConfigurationPlatforms) = preSolution
		Debug|Any CPU = Debug|Any CPU
		Release|Any CPU = Release|Any CPU
	EndGlobalSection
	GlobalSection(ProjectConfigurationPlatforms) = postSolution
		{317561DB-150A-4A83-82E4-8289123DD1C4}.Debug|Any CPU.ActiveCfg = Debug|Any CPU
		{317561DB-150A-4A83-82E4-8289123DD1C4}.Debug|Any CPU.Build.0 = Debug|Any CPU
		{317561DB-150A-4A83-82E4-8289123DD1C4}.Release|Any CPU.ActiveCfg = Release|Any CPU
		{317561DB-150A-4A83-82E4-8289123DD1C4}.Release|Any CPU.Build.0 = Release|Any CPU
		{B2206080-ECDE-43A4-A7E9-C3FB51DC944D}.Debug|Any CPU.ActiveCfg = Debug|Any CPU
		{B2206080-ECDE-43A4-A7E9-C3FB51DC944D}.Debug|Any CPU.Build.0 = Debug|Any CPU
		{B2206080-ECDE-43A4-A7E9-C3FB51DC944D}.Release|Any CPU.ActiveCfg = Release|Any CPU
		{B2206080-ECDE-43A4-A7E9-C3FB51DC944D}.Release|Any CPU.Build.0 = Release|Any CPU
		{ABE71898-AD62-4347-933D-9E59AAF1CAC6}.Debug|Any CPU.ActiveCfg = Debug|Any CPU
		{ABE71898-AD62-4347-933D-9E59AAF1CAC6}.Debug|Any CPU.Build.0 = Debug|Any CPU
		{ABE71898-AD62-4347-933D-9E59AAF1CAC6}.Release|Any CPU.ActiveCfg = Release|Any CPU
		{ABE71898-AD62-4347-933D-9E59AAF1CAC6}.Release|Any CPU.Build.0 = Release|Any CPU
	EndGlobalSection
	GlobalSection(SolutionProperties) = preSolution
		HideSolutionNode = FALSE
	EndGlobalSection
	GlobalSection(ExtensibilityGlobals) = postSolution
		SolutionGuid = {B9DDAA1B-5C54-4C7F-A07B-85E5A957F375}
	EndGlobalSection
EndGlobal
